
Microsoft Visual Studio Solution File, Format Version 12.00
# Visual Studio Version 16
VisualStudioVersion = 16.0.28803.156
MinimumVisualStudioVersion = 10.0.40219.1
Project("{FAE04EC0-301F-11D3-BF4B-00C04F79EFBC}") = "Exercicios4.3.5", "Exercicios4.3.5\Exercicios4.3.5.csproj", "{9671C86D-0C31-4C15-9C7B-1C4E01113259}"
EndProject
Project("{FAE04EC0-301F-11D3-BF4B-00C04F79EFBC}") = "Capitulo5", "Capitulo5\Capitulo5.csproj", "{801D5A47-3814-4CC1-9BA8-E59A302D4655}"
EndProject
Project("{FAE04EC0-301F-11D3-BF4B-00C04F79EFBC}") = "Capitulo5.1", "Capitulo5.1\Capitulo5.1.csproj", "{21A8E76C-6795-4F8D-AB36-A42D2203BB4B}"
EndProject
Project("{FAE04EC0-301F-11D3-BF4B-00C04F79EFBC}") = "Exercicios5.4.1", "Exercicios5.4.1\Exercicios5.4.1.csproj", "{64DA2F6E-159F-4C4F-94A5-06BEFE533BF5}"
EndProject
Project("{FAE04EC0-301F-11D3-BF4B-00C04F79EFBC}") = "Exercicios5.4.2", "Exercicios5.4.2\Exercicios5.4.2.csproj", "{FE3F6E04-66E8-4242-96B5-A5C8D46B224E}"
EndProject
Project("{FAE04EC0-301F-11D3-BF4B-00C04F79EFBC}") = "Exercicios5.4.3", "Exercicios5.4.3\Exercicios5.4.3.csproj", "{39306421-2A70-4ADE-89A3-26E61477E4DE}"
EndProject
Project("{FAE04EC0-301F-11D3-BF4B-00C04F79EFBC}") = "SaqueEConferidorDeSaldo", "SaqueEConferidorDeSaldo\SaqueEConferidorDeSaldo.csproj", "{FDE2A232-EC07-4D22-8118-4A19D117175D}"
EndProject
Project("{FAE04EC0-301F-11D3-BF4B-00C04F79EFBC}") = "Exercicios6.7.2", "Exercicios6.7.2\Exercicios6.7.2.csproj", "{86932FEF-E83C-4FBF-9285-1FE6C942E448}"
EndProject
Project("{FAE04EC0-301F-11D3-BF4B-00C04F79EFBC}") = "Exercicios5.4.7Fibonacci", "Exercicios5.4.7Fibonacci\Exercicios5.4.7Fibonacci.csproj", "{8227E231-BE0B-46E5-A6C2-8642A0DE1700}"
EndProject
Project("{FAE04EC0-301F-11D3-BF4B-00C04F79EFBC}") = "DesafioArthurSomadeParesEImpares", "DesafioArthurSomadeParesEImpares\DesafioArthurSomadeParesEImpares.csproj", "{F80875BE-A97F-4800-9727-CEE98528B53E}"
EndProject
Project("{FAE04EC0-301F-11D3-BF4B-00C04F79EFBC}") = "testesdeRepeticao", "testesdeRepeticao\testesdeRepeticao.csproj", "{385CC4CD-3307-479F-B904-457A5FB89478}"
EndProject
Project("{FAE04EC0-301F-11D3-BF4B-00C04F79EFBC}") = "SistemaBancario", "SistemaBancario\SistemaBancario.csproj", "{71C53A1B-B55F-4C28-9EAB-89991F996EA6}"
EndProject
Project("{2150E333-8FDC-42A3-9474-1A3956D46DE8}") = "Projetos", "Projetos", "{CF4945D8-EE2B-4004-8F69-BB39383ED427}"
EndProject
Project("{FAE04EC0-301F-11D3-BF4B-00C04F79EFBC}") = "DesafioArthur", "DesafioArthur\DesafioArthur.csproj", "{76ACA5C7-4C7E-4CE0-BABD-97F7A65F954D}"
EndProject
Project("{FAE04EC0-301F-11D3-BF4B-00C04F79EFBC}") = "Calculo de KM por Litro", "Testes\Calculo de KM por Litro.csproj", "{F9A89670-A6AC-40D0-A826-E5CA9663A714}"
EndProject
Project("{2150E333-8FDC-42A3-9474-1A3956D46DE8}") = "MauricioProjetos", "MauricioProjetos", "{DA14D701-69DD-417A-A2BD-D4E6B7E933C1}"
EndProject
Project("{FAE04EC0-301F-11D3-BF4B-00C04F79EFBC}") = "Contatos", "Contatos\Contatos.csproj", "{92D75B8B-52A7-4E8F-BE1E-A5A867F294CB}"
EndProject
Project("{FAE04EC0-301F-11D3-BF4B-00C04F79EFBC}") = "Capitulo2Programa1", "Capitulo2Programa1\Capitulo2Programa1.csproj", "{43F3E24D-16D1-4119-ADE7-B6AA0507C1E9}"
EndProject
Project("{FAE04EC0-301F-11D3-BF4B-00C04F79EFBC}") = "Capitulo2Pag70", "Capitulo2Pag70\Capitulo2Pag70.csproj", "{8AF99DEE-02D2-496B-A838-E3743A6E8BFF}"
EndProject
Project("{FAE04EC0-301F-11D3-BF4B-00C04F79EFBC}") = "ExercLivCPag75", "ExercLivCPag75\ExercLivCPag75.csproj", "{0FF1AF3D-BC5B-4436-8865-94606136B7C4}"
EndProject
Project("{FAE04EC0-301F-11D3-BF4B-00C04F79EFBC}") = "Blabla", "Blabla\Blabla.csproj", "{F0216E4C-5946-48A0-88D2-E0C35032FD92}"
EndProject
Project("{FAE04EC0-301F-11D3-BF4B-00C04F79EFBC}") = "TesteArraysEColection", "TesteArraysEColection\TesteArraysEColection.csproj", "{9340CCD1-9A84-4922-8D51-A0C1689B5BFD}"
EndProject
Project("{FAE04EC0-301F-11D3-BF4B-00C04F79EFBC}") = "Arrays", "Arrays\Arrays.csproj", "{CDA97CED-0E46-4C84-94EA-FE1BFCFFC270}"
EndProject
Project("{FAE04EC0-301F-11D3-BF4B-00C04F79EFBC}") = "ColectionList", "ColectionList\ColectionList.csproj", "{70E1F5E1-4084-4761-87B3-134E83904376}"
EndProject
Project("{FAE04EC0-301F-11D3-BF4B-00C04F79EFBC}") = "TestesDeArrays", "TestesDeArrays\TestesDeArrays.csproj", "{68B2490F-0FB7-4A12-B80A-86CC382D906C}"
EndProject
Project("{FAE04EC0-301F-11D3-BF4B-00C04F79EFBC}") = "DesafioPag111", "DesafioPag111\DesafioPag111.csproj", "{F8D295BF-D7E8-4C87-A111-0C25F86478D8}"
EndProject
Project("{FAE04EC0-301F-11D3-BF4B-00C04F79EFBC}") = "ExercicioPag111", "ExercicioPag111\ExercicioPag111.csproj", "{38479472-02BA-4C52-A6F0-3AEC8A7D785E}"
EndProject
Project("{FAE04EC0-301F-11D3-BF4B-00C04F79EFBC}") = "TestesConsole", "TestesConsole\TestesConsole.csproj", "{EA4FE1EA-2A68-4844-AE77-A7148E99C6DB}"
EndProject
Project("{FAE04EC0-301F-11D3-BF4B-00C04F79EFBC}") = "LivroPag113", "LivroPag113\LivroPag113.csproj", "{C4EA5C20-D79E-4ACA-A0A9-65DF507285DD}"
EndProject
Project("{FAE04EC0-301F-11D3-BF4B-00C04F79EFBC}") = "AbrirTXT", "AbrirTXT\AbrirTXT.csproj", "{6A90189A-9421-4BC7-924C-439E0F25C28E}"
EndProject
Project("{FAE04EC0-301F-11D3-BF4B-00C04F79EFBC}") = "AbrirTXT2", "AbrirTXT2\AbrirTXT2.csproj", "{E946961C-E114-4EC0-9F67-DC9934E29659}"
EndProject
Project("{FAE04EC0-301F-11D3-BF4B-00C04F79EFBC}") = "MATRIX", "MATRIX\MATRIX.csproj", "{E01FBAAB-7AE1-4F3C-B1B4-6F59492AED11}"
EndProject
Project("{FAE04EC0-301F-11D3-BF4B-00C04F79EFBC}") = "CALC", "CALC\CALC.csproj", "{D1360CC4-4CCF-4D02-AF4C-8675E7239AFD}"
EndProject
Project("{FAE04EC0-301F-11D3-BF4B-00C04F79EFBC}") = "ExercicioPag152", "ExercicioPag152\ExercicioPag152.csproj", "{4842D73D-8956-4BF9-830A-68F530AA6F9F}"
EndProject
Project("{FAE04EC0-301F-11D3-BF4B-00C04F79EFBC}") = "FuncaoRecursivaLerTXT", "FuncaoRecursivaLerTXT\FuncaoRecursivaLerTXT.csproj", "{6EB6D792-94C4-4B92-9689-A9AF1832CF65}"
EndProject
Project("{FAE04EC0-301F-11D3-BF4B-00C04F79EFBC}") = "AbrirAQ", "AbrirAQ\AbrirAQ.csproj", "{234F69B9-2925-49A1-9B69-FE10F086929E}"
EndProject
Project("{FAE04EC0-301F-11D3-BF4B-00C04F79EFBC}") = "TesteArrays", "TesteArrays\TesteArrays.csproj", "{F53BB457-A92F-4660-9A8B-464BCC06143D}"
EndProject
Project("{FAE04EC0-301F-11D3-BF4B-00C04F79EFBC}") = "ExercicioPag158", "ExercicioPag158\ExercicioPag158.csproj", "{DB0FB1EF-7253-404C-ADE9-7B2D3E4A20A3}"
EndProject
Project("{FAE04EC0-301F-11D3-BF4B-00C04F79EFBC}") = "OrcamentoDeFestas", "OrcamentoDeFestas\OrcamentoDeFestas.csproj", "{1328E9CA-5DE5-4B70-9F3D-26DDEA04C116}"
EndProject
Project("{FAE04EC0-301F-11D3-BF4B-00C04F79EFBC}") = "TestesETC", "TestesETC\TestesETC.csproj", "{9D194E12-6CA7-47E1-89A4-099927801092}"
EndProject
Project("{FAE04EC0-301F-11D3-BF4B-00C04F79EFBC}") = "MATRIX2", "MATRIX2\MATRIX2.csproj", "{D57445C4-5139-4D93-85C5-FF11E5DD96F4}"
EndProject
Project("{FAE04EC0-301F-11D3-BF4B-00C04F79EFBC}") = "CalcularFarmer", "CalcularFarmer\CalcularFarmer.csproj", "{F456D30F-9BEE-4045-A5BF-E5D5BB6E5D20}"
EndProject
Global
	GlobalSection(SolutionConfigurationPlatforms) = preSolution
		Debug|Any CPU = Debug|Any CPU
		Release|Any CPU = Release|Any CPU
	EndGlobalSection
	GlobalSection(ProjectConfigurationPlatforms) = postSolution
		{9671C86D-0C31-4C15-9C7B-1C4E01113259}.Debug|Any CPU.ActiveCfg = Debug|Any CPU
		{9671C86D-0C31-4C15-9C7B-1C4E01113259}.Debug|Any CPU.Build.0 = Debug|Any CPU
		{9671C86D-0C31-4C15-9C7B-1C4E01113259}.Release|Any CPU.ActiveCfg = Release|Any CPU
		{9671C86D-0C31-4C15-9C7B-1C4E01113259}.Release|Any CPU.Build.0 = Release|Any CPU
		{801D5A47-3814-4CC1-9BA8-E59A302D4655}.Debug|Any CPU.ActiveCfg = Debug|Any CPU
		{801D5A47-3814-4CC1-9BA8-E59A302D4655}.Debug|Any CPU.Build.0 = Debug|Any CPU
		{801D5A47-3814-4CC1-9BA8-E59A302D4655}.Release|Any CPU.ActiveCfg = Release|Any CPU
		{801D5A47-3814-4CC1-9BA8-E59A302D4655}.Release|Any CPU.Build.0 = Release|Any CPU
		{21A8E76C-6795-4F8D-AB36-A42D2203BB4B}.Debug|Any CPU.ActiveCfg = Debug|Any CPU
		{21A8E76C-6795-4F8D-AB36-A42D2203BB4B}.Debug|Any CPU.Build.0 = Debug|Any CPU
		{21A8E76C-6795-4F8D-AB36-A42D2203BB4B}.Release|Any CPU.ActiveCfg = Release|Any CPU
		{21A8E76C-6795-4F8D-AB36-A42D2203BB4B}.Release|Any CPU.Build.0 = Release|Any CPU
		{64DA2F6E-159F-4C4F-94A5-06BEFE533BF5}.Debug|Any CPU.ActiveCfg = Debug|Any CPU
		{64DA2F6E-159F-4C4F-94A5-06BEFE533BF5}.Debug|Any CPU.Build.0 = Debug|Any CPU
		{64DA2F6E-159F-4C4F-94A5-06BEFE533BF5}.Release|Any CPU.ActiveCfg = Release|Any CPU
		{64DA2F6E-159F-4C4F-94A5-06BEFE533BF5}.Release|Any CPU.Build.0 = Release|Any CPU
		{FE3F6E04-66E8-4242-96B5-A5C8D46B224E}.Debug|Any CPU.ActiveCfg = Debug|Any CPU
		{FE3F6E04-66E8-4242-96B5-A5C8D46B224E}.Debug|Any CPU.Build.0 = Debug|Any CPU
		{FE3F6E04-66E8-4242-96B5-A5C8D46B224E}.Release|Any CPU.ActiveCfg = Release|Any CPU
		{FE3F6E04-66E8-4242-96B5-A5C8D46B224E}.Release|Any CPU.Build.0 = Release|Any CPU
		{39306421-2A70-4ADE-89A3-26E61477E4DE}.Debug|Any CPU.ActiveCfg = Debug|Any CPU
		{39306421-2A70-4ADE-89A3-26E61477E4DE}.Debug|Any CPU.Build.0 = Debug|Any CPU
		{39306421-2A70-4ADE-89A3-26E61477E4DE}.Release|Any CPU.ActiveCfg = Release|Any CPU
		{39306421-2A70-4ADE-89A3-26E61477E4DE}.Release|Any CPU.Build.0 = Release|Any CPU
		{FDE2A232-EC07-4D22-8118-4A19D117175D}.Debug|Any CPU.ActiveCfg = Debug|Any CPU
		{FDE2A232-EC07-4D22-8118-4A19D117175D}.Debug|Any CPU.Build.0 = Debug|Any CPU
		{FDE2A232-EC07-4D22-8118-4A19D117175D}.Release|Any CPU.ActiveCfg = Release|Any CPU
		{FDE2A232-EC07-4D22-8118-4A19D117175D}.Release|Any CPU.Build.0 = Release|Any CPU
		{86932FEF-E83C-4FBF-9285-1FE6C942E448}.Debug|Any CPU.ActiveCfg = Debug|Any CPU
		{86932FEF-E83C-4FBF-9285-1FE6C942E448}.Debug|Any CPU.Build.0 = Debug|Any CPU
		{86932FEF-E83C-4FBF-9285-1FE6C942E448}.Release|Any CPU.ActiveCfg = Release|Any CPU
		{86932FEF-E83C-4FBF-9285-1FE6C942E448}.Release|Any CPU.Build.0 = Release|Any CPU
		{8227E231-BE0B-46E5-A6C2-8642A0DE1700}.Debug|Any CPU.ActiveCfg = Debug|Any CPU
		{8227E231-BE0B-46E5-A6C2-8642A0DE1700}.Debug|Any CPU.Build.0 = Debug|Any CPU
		{8227E231-BE0B-46E5-A6C2-8642A0DE1700}.Release|Any CPU.ActiveCfg = Release|Any CPU
		{8227E231-BE0B-46E5-A6C2-8642A0DE1700}.Release|Any CPU.Build.0 = Release|Any CPU
		{F80875BE-A97F-4800-9727-CEE98528B53E}.Debug|Any CPU.ActiveCfg = Debug|Any CPU
		{F80875BE-A97F-4800-9727-CEE98528B53E}.Debug|Any CPU.Build.0 = Debug|Any CPU
		{F80875BE-A97F-4800-9727-CEE98528B53E}.Release|Any CPU.ActiveCfg = Release|Any CPU
		{F80875BE-A97F-4800-9727-CEE98528B53E}.Release|Any CPU.Build.0 = Release|Any CPU
		{385CC4CD-3307-479F-B904-457A5FB89478}.Debug|Any CPU.ActiveCfg = Debug|Any CPU
		{385CC4CD-3307-479F-B904-457A5FB89478}.Debug|Any CPU.Build.0 = Debug|Any CPU
		{385CC4CD-3307-479F-B904-457A5FB89478}.Release|Any CPU.ActiveCfg = Release|Any CPU
		{385CC4CD-3307-479F-B904-457A5FB89478}.Release|Any CPU.Build.0 = Release|Any CPU
		{71C53A1B-B55F-4C28-9EAB-89991F996EA6}.Debug|Any CPU.ActiveCfg = Debug|Any CPU
		{71C53A1B-B55F-4C28-9EAB-89991F996EA6}.Debug|Any CPU.Build.0 = Debug|Any CPU
		{71C53A1B-B55F-4C28-9EAB-89991F996EA6}.Release|Any CPU.ActiveCfg = Release|Any CPU
		{71C53A1B-B55F-4C28-9EAB-89991F996EA6}.Release|Any CPU.Build.0 = Release|Any CPU
		{76ACA5C7-4C7E-4CE0-BABD-97F7A65F954D}.Debug|Any CPU.ActiveCfg = Debug|Any CPU
		{76ACA5C7-4C7E-4CE0-BABD-97F7A65F954D}.Debug|Any CPU.Build.0 = Debug|Any CPU
		{76ACA5C7-4C7E-4CE0-BABD-97F7A65F954D}.Release|Any CPU.ActiveCfg = Release|Any CPU
		{76ACA5C7-4C7E-4CE0-BABD-97F7A65F954D}.Release|Any CPU.Build.0 = Release|Any CPU
		{F9A89670-A6AC-40D0-A826-E5CA9663A714}.Debug|Any CPU.ActiveCfg = Debug|Any CPU
		{F9A89670-A6AC-40D0-A826-E5CA9663A714}.Debug|Any CPU.Build.0 = Debug|Any CPU
		{F9A89670-A6AC-40D0-A826-E5CA9663A714}.Release|Any CPU.ActiveCfg = Release|Any CPU
		{F9A89670-A6AC-40D0-A826-E5CA9663A714}.Release|Any CPU.Build.0 = Release|Any CPU
		{92D75B8B-52A7-4E8F-BE1E-A5A867F294CB}.Debug|Any CPU.ActiveCfg = Debug|Any CPU
		{92D75B8B-52A7-4E8F-BE1E-A5A867F294CB}.Debug|Any CPU.Build.0 = Debug|Any CPU
		{92D75B8B-52A7-4E8F-BE1E-A5A867F294CB}.Release|Any CPU.ActiveCfg = Release|Any CPU
		{92D75B8B-52A7-4E8F-BE1E-A5A867F294CB}.Release|Any CPU.Build.0 = Release|Any CPU
		{43F3E24D-16D1-4119-ADE7-B6AA0507C1E9}.Debug|Any CPU.ActiveCfg = Debug|Any CPU
		{43F3E24D-16D1-4119-ADE7-B6AA0507C1E9}.Debug|Any CPU.Build.0 = Debug|Any CPU
		{43F3E24D-16D1-4119-ADE7-B6AA0507C1E9}.Release|Any CPU.ActiveCfg = Release|Any CPU
		{43F3E24D-16D1-4119-ADE7-B6AA0507C1E9}.Release|Any CPU.Build.0 = Release|Any CPU
		{8AF99DEE-02D2-496B-A838-E3743A6E8BFF}.Debug|Any CPU.ActiveCfg = Debug|Any CPU
		{8AF99DEE-02D2-496B-A838-E3743A6E8BFF}.Debug|Any CPU.Build.0 = Debug|Any CPU
		{8AF99DEE-02D2-496B-A838-E3743A6E8BFF}.Release|Any CPU.ActiveCfg = Release|Any CPU
		{8AF99DEE-02D2-496B-A838-E3743A6E8BFF}.Release|Any CPU.Build.0 = Release|Any CPU
		{0FF1AF3D-BC5B-4436-8865-94606136B7C4}.Debug|Any CPU.ActiveCfg = Debug|Any CPU
		{0FF1AF3D-BC5B-4436-8865-94606136B7C4}.Debug|Any CPU.Build.0 = Debug|Any CPU
		{0FF1AF3D-BC5B-4436-8865-94606136B7C4}.Release|Any CPU.ActiveCfg = Release|Any CPU
		{0FF1AF3D-BC5B-4436-8865-94606136B7C4}.Release|Any CPU.Build.0 = Release|Any CPU
		{F0216E4C-5946-48A0-88D2-E0C35032FD92}.Debug|Any CPU.ActiveCfg = Debug|Any CPU
		{F0216E4C-5946-48A0-88D2-E0C35032FD92}.Debug|Any CPU.Build.0 = Debug|Any CPU
		{F0216E4C-5946-48A0-88D2-E0C35032FD92}.Release|Any CPU.ActiveCfg = Release|Any CPU
		{F0216E4C-5946-48A0-88D2-E0C35032FD92}.Release|Any CPU.Build.0 = Release|Any CPU
		{9340CCD1-9A84-4922-8D51-A0C1689B5BFD}.Debug|Any CPU.ActiveCfg = Debug|Any CPU
		{9340CCD1-9A84-4922-8D51-A0C1689B5BFD}.Debug|Any CPU.Build.0 = Debug|Any CPU
		{9340CCD1-9A84-4922-8D51-A0C1689B5BFD}.Release|Any CPU.ActiveCfg = Release|Any CPU
		{9340CCD1-9A84-4922-8D51-A0C1689B5BFD}.Release|Any CPU.Build.0 = Release|Any CPU
		{CDA97CED-0E46-4C84-94EA-FE1BFCFFC270}.Debug|Any CPU.ActiveCfg = Debug|Any CPU
		{CDA97CED-0E46-4C84-94EA-FE1BFCFFC270}.Debug|Any CPU.Build.0 = Debug|Any CPU
		{CDA97CED-0E46-4C84-94EA-FE1BFCFFC270}.Release|Any CPU.ActiveCfg = Release|Any CPU
		{CDA97CED-0E46-4C84-94EA-FE1BFCFFC270}.Release|Any CPU.Build.0 = Release|Any CPU
		{70E1F5E1-4084-4761-87B3-134E83904376}.Debug|Any CPU.ActiveCfg = Debug|Any CPU
		{70E1F5E1-4084-4761-87B3-134E83904376}.Debug|Any CPU.Build.0 = Debug|Any CPU
		{70E1F5E1-4084-4761-87B3-134E83904376}.Release|Any CPU.ActiveCfg = Release|Any CPU
		{70E1F5E1-4084-4761-87B3-134E83904376}.Release|Any CPU.Build.0 = Release|Any CPU
		{68B2490F-0FB7-4A12-B80A-86CC382D906C}.Debug|Any CPU.ActiveCfg = Debug|Any CPU
		{68B2490F-0FB7-4A12-B80A-86CC382D906C}.Debug|Any CPU.Build.0 = Debug|Any CPU
		{68B2490F-0FB7-4A12-B80A-86CC382D906C}.Release|Any CPU.ActiveCfg = Release|Any CPU
		{68B2490F-0FB7-4A12-B80A-86CC382D906C}.Release|Any CPU.Build.0 = Release|Any CPU
		{F8D295BF-D7E8-4C87-A111-0C25F86478D8}.Debug|Any CPU.ActiveCfg = Debug|Any CPU
		{F8D295BF-D7E8-4C87-A111-0C25F86478D8}.Debug|Any CPU.Build.0 = Debug|Any CPU
		{F8D295BF-D7E8-4C87-A111-0C25F86478D8}.Release|Any CPU.ActiveCfg = Release|Any CPU
		{F8D295BF-D7E8-4C87-A111-0C25F86478D8}.Release|Any CPU.Build.0 = Release|Any CPU
		{38479472-02BA-4C52-A6F0-3AEC8A7D785E}.Debug|Any CPU.ActiveCfg = Debug|Any CPU
		{38479472-02BA-4C52-A6F0-3AEC8A7D785E}.Debug|Any CPU.Build.0 = Debug|Any CPU
		{38479472-02BA-4C52-A6F0-3AEC8A7D785E}.Release|Any CPU.ActiveCfg = Release|Any CPU
		{38479472-02BA-4C52-A6F0-3AEC8A7D785E}.Release|Any CPU.Build.0 = Release|Any CPU
		{EA4FE1EA-2A68-4844-AE77-A7148E99C6DB}.Debug|Any CPU.ActiveCfg = Debug|Any CPU
		{EA4FE1EA-2A68-4844-AE77-A7148E99C6DB}.Debug|Any CPU.Build.0 = Debug|Any CPU
		{EA4FE1EA-2A68-4844-AE77-A7148E99C6DB}.Release|Any CPU.ActiveCfg = Release|Any CPU
		{EA4FE1EA-2A68-4844-AE77-A7148E99C6DB}.Release|Any CPU.Build.0 = Release|Any CPU
		{C4EA5C20-D79E-4ACA-A0A9-65DF507285DD}.Debug|Any CPU.ActiveCfg = Debug|Any CPU
		{C4EA5C20-D79E-4ACA-A0A9-65DF507285DD}.Debug|Any CPU.Build.0 = Debug|Any CPU
		{C4EA5C20-D79E-4ACA-A0A9-65DF507285DD}.Release|Any CPU.ActiveCfg = Release|Any CPU
		{C4EA5C20-D79E-4ACA-A0A9-65DF507285DD}.Release|Any CPU.Build.0 = Release|Any CPU
		{6A90189A-9421-4BC7-924C-439E0F25C28E}.Debug|Any CPU.ActiveCfg = Debug|Any CPU
		{6A90189A-9421-4BC7-924C-439E0F25C28E}.Debug|Any CPU.Build.0 = Debug|Any CPU
		{6A90189A-9421-4BC7-924C-439E0F25C28E}.Release|Any CPU.ActiveCfg = Release|Any CPU
		{6A90189A-9421-4BC7-924C-439E0F25C28E}.Release|Any CPU.Build.0 = Release|Any CPU
		{E946961C-E114-4EC0-9F67-DC9934E29659}.Debug|Any CPU.ActiveCfg = Debug|Any CPU
		{E946961C-E114-4EC0-9F67-DC9934E29659}.Debug|Any CPU.Build.0 = Debug|Any CPU
		{E946961C-E114-4EC0-9F67-DC9934E29659}.Release|Any CPU.ActiveCfg = Release|Any CPU
		{E946961C-E114-4EC0-9F67-DC9934E29659}.Release|Any CPU.Build.0 = Release|Any CPU
		{E01FBAAB-7AE1-4F3C-B1B4-6F59492AED11}.Debug|Any CPU.ActiveCfg = Debug|Any CPU
		{E01FBAAB-7AE1-4F3C-B1B4-6F59492AED11}.Debug|Any CPU.Build.0 = Debug|Any CPU
		{E01FBAAB-7AE1-4F3C-B1B4-6F59492AED11}.Release|Any CPU.ActiveCfg = Release|Any CPU
		{E01FBAAB-7AE1-4F3C-B1B4-6F59492AED11}.Release|Any CPU.Build.0 = Release|Any CPU
		{D1360CC4-4CCF-4D02-AF4C-8675E7239AFD}.Debug|Any CPU.ActiveCfg = Debug|Any CPU
		{D1360CC4-4CCF-4D02-AF4C-8675E7239AFD}.Debug|Any CPU.Build.0 = Debug|Any CPU
		{D1360CC4-4CCF-4D02-AF4C-8675E7239AFD}.Release|Any CPU.ActiveCfg = Release|Any CPU
		{D1360CC4-4CCF-4D02-AF4C-8675E7239AFD}.Release|Any CPU.Build.0 = Release|Any CPU
		{4842D73D-8956-4BF9-830A-68F530AA6F9F}.Debug|Any CPU.ActiveCfg = Debug|Any CPU
		{4842D73D-8956-4BF9-830A-68F530AA6F9F}.Debug|Any CPU.Build.0 = Debug|Any CPU
		{4842D73D-8956-4BF9-830A-68F530AA6F9F}.Release|Any CPU.ActiveCfg = Release|Any CPU
		{4842D73D-8956-4BF9-830A-68F530AA6F9F}.Release|Any CPU.Build.0 = Release|Any CPU
		{6EB6D792-94C4-4B92-9689-A9AF1832CF65}.Debug|Any CPU.ActiveCfg = Debug|Any CPU
		{6EB6D792-94C4-4B92-9689-A9AF1832CF65}.Debug|Any CPU.Build.0 = Debug|Any CPU
		{6EB6D792-94C4-4B92-9689-A9AF1832CF65}.Release|Any CPU.ActiveCfg = Release|Any CPU
		{6EB6D792-94C4-4B92-9689-A9AF1832CF65}.Release|Any CPU.Build.0 = Release|Any CPU
		{234F69B9-2925-49A1-9B69-FE10F086929E}.Debug|Any CPU.ActiveCfg = Debug|Any CPU
		{234F69B9-2925-49A1-9B69-FE10F086929E}.Debug|Any CPU.Build.0 = Debug|Any CPU
		{234F69B9-2925-49A1-9B69-FE10F086929E}.Release|Any CPU.ActiveCfg = Release|Any CPU
		{234F69B9-2925-49A1-9B69-FE10F086929E}.Release|Any CPU.Build.0 = Release|Any CPU
		{F53BB457-A92F-4660-9A8B-464BCC06143D}.Debug|Any CPU.ActiveCfg = Debug|Any CPU
		{F53BB457-A92F-4660-9A8B-464BCC06143D}.Debug|Any CPU.Build.0 = Debug|Any CPU
		{F53BB457-A92F-4660-9A8B-464BCC06143D}.Release|Any CPU.ActiveCfg = Release|Any CPU
		{F53BB457-A92F-4660-9A8B-464BCC06143D}.Release|Any CPU.Build.0 = Release|Any CPU
		{DB0FB1EF-7253-404C-ADE9-7B2D3E4A20A3}.Debug|Any CPU.ActiveCfg = Debug|Any CPU
		{DB0FB1EF-7253-404C-ADE9-7B2D3E4A20A3}.Debug|Any CPU.Build.0 = Debug|Any CPU
		{DB0FB1EF-7253-404C-ADE9-7B2D3E4A20A3}.Release|Any CPU.ActiveCfg = Release|Any CPU
		{DB0FB1EF-7253-404C-ADE9-7B2D3E4A20A3}.Release|Any CPU.Build.0 = Release|Any CPU
		{1328E9CA-5DE5-4B70-9F3D-26DDEA04C116}.Debug|Any CPU.ActiveCfg = Debug|Any CPU
		{1328E9CA-5DE5-4B70-9F3D-26DDEA04C116}.Debug|Any CPU.Build.0 = Debug|Any CPU
		{1328E9CA-5DE5-4B70-9F3D-26DDEA04C116}.Release|Any CPU.ActiveCfg = Release|Any CPU
		{1328E9CA-5DE5-4B70-9F3D-26DDEA04C116}.Release|Any CPU.Build.0 = Release|Any CPU
		{9D194E12-6CA7-47E1-89A4-099927801092}.Debug|Any CPU.ActiveCfg = Debug|Any CPU
		{9D194E12-6CA7-47E1-89A4-099927801092}.Debug|Any CPU.Build.0 = Debug|Any CPU
		{9D194E12-6CA7-47E1-89A4-099927801092}.Release|Any CPU.ActiveCfg = Release|Any CPU
		{9D194E12-6CA7-47E1-89A4-099927801092}.Release|Any CPU.Build.0 = Release|Any CPU
		{D57445C4-5139-4D93-85C5-FF11E5DD96F4}.Debug|Any CPU.ActiveCfg = Debug|Any CPU
		{D57445C4-5139-4D93-85C5-FF11E5DD96F4}.Debug|Any CPU.Build.0 = Debug|Any CPU
		{D57445C4-5139-4D93-85C5-FF11E5DD96F4}.Release|Any CPU.ActiveCfg = Release|Any CPU
		{D57445C4-5139-4D93-85C5-FF11E5DD96F4}.Release|Any CPU.Build.0 = Release|Any CPU
		{F456D30F-9BEE-4045-A5BF-E5D5BB6E5D20}.Debug|Any CPU.ActiveCfg = Debug|Any CPU
		{F456D30F-9BEE-4045-A5BF-E5D5BB6E5D20}.Debug|Any CPU.Build.0 = Debug|Any CPU
		{F456D30F-9BEE-4045-A5BF-E5D5BB6E5D20}.Release|Any CPU.ActiveCfg = Release|Any CPU
		{F456D30F-9BEE-4045-A5BF-E5D5BB6E5D20}.Release|Any CPU.Build.0 = Release|Any CPU
	EndGlobalSection
	GlobalSection(SolutionProperties) = preSolution
		HideSolutionNode = FALSE
	EndGlobalSection
	GlobalSection(NestedProjects) = preSolution
		{9671C86D-0C31-4C15-9C7B-1C4E01113259} = {CF4945D8-EE2B-4004-8F69-BB39383ED427}
		{801D5A47-3814-4CC1-9BA8-E59A302D4655} = {CF4945D8-EE2B-4004-8F69-BB39383ED427}
		{21A8E76C-6795-4F8D-AB36-A42D2203BB4B} = {CF4945D8-EE2B-4004-8F69-BB39383ED427}
		{64DA2F6E-159F-4C4F-94A5-06BEFE533BF5} = {CF4945D8-EE2B-4004-8F69-BB39383ED427}
		{FE3F6E04-66E8-4242-96B5-A5C8D46B224E} = {CF4945D8-EE2B-4004-8F69-BB39383ED427}
		{39306421-2A70-4ADE-89A3-26E61477E4DE} = {CF4945D8-EE2B-4004-8F69-BB39383ED427}
		{FDE2A232-EC07-4D22-8118-4A19D117175D} = {CF4945D8-EE2B-4004-8F69-BB39383ED427}
		{86932FEF-E83C-4FBF-9285-1FE6C942E448} = {CF4945D8-EE2B-4004-8F69-BB39383ED427}
		{8227E231-BE0B-46E5-A6C2-8642A0DE1700} = {CF4945D8-EE2B-4004-8F69-BB39383ED427}
		{F80875BE-A97F-4800-9727-CEE98528B53E} = {CF4945D8-EE2B-4004-8F69-BB39383ED427}
		{385CC4CD-3307-479F-B904-457A5FB89478} = {CF4945D8-EE2B-4004-8F69-BB39383ED427}
		{71C53A1B-B55F-4C28-9EAB-89991F996EA6} = {CF4945D8-EE2B-4004-8F69-BB39383ED427}
		{76ACA5C7-4C7E-4CE0-BABD-97F7A65F954D} = {CF4945D8-EE2B-4004-8F69-BB39383ED427}
		{F9A89670-A6AC-40D0-A826-E5CA9663A714} = {CF4945D8-EE2B-4004-8F69-BB39383ED427}
		{92D75B8B-52A7-4E8F-BE1E-A5A867F294CB} = {DA14D701-69DD-417A-A2BD-D4E6B7E933C1}
		{43F3E24D-16D1-4119-ADE7-B6AA0507C1E9} = {DA14D701-69DD-417A-A2BD-D4E6B7E933C1}
		{8AF99DEE-02D2-496B-A838-E3743A6E8BFF} = {DA14D701-69DD-417A-A2BD-D4E6B7E933C1}
		{0FF1AF3D-BC5B-4436-8865-94606136B7C4} = {DA14D701-69DD-417A-A2BD-D4E6B7E933C1}
		{F0216E4C-5946-48A0-88D2-E0C35032FD92} = {DA14D701-69DD-417A-A2BD-D4E6B7E933C1}
		{9340CCD1-9A84-4922-8D51-A0C1689B5BFD} = {DA14D701-69DD-417A-A2BD-D4E6B7E933C1}
		{CDA97CED-0E46-4C84-94EA-FE1BFCFFC270} = {DA14D701-69DD-417A-A2BD-D4E6B7E933C1}
		{70E1F5E1-4084-4761-87B3-134E83904376} = {DA14D701-69DD-417A-A2BD-D4E6B7E933C1}
		{68B2490F-0FB7-4A12-B80A-86CC382D906C} = {DA14D701-69DD-417A-A2BD-D4E6B7E933C1}
		{F8D295BF-D7E8-4C87-A111-0C25F86478D8} = {CF4945D8-EE2B-4004-8F69-BB39383ED427}
		{38479472-02BA-4C52-A6F0-3AEC8A7D785E} = {CF4945D8-EE2B-4004-8F69-BB39383ED427}
		{EA4FE1EA-2A68-4844-AE77-A7148E99C6DB} = {CF4945D8-EE2B-4004-8F69-BB39383ED427}
		{C4EA5C20-D79E-4ACA-A0A9-65DF507285DD} = {CF4945D8-EE2B-4004-8F69-BB39383ED427}
		{6A90189A-9421-4BC7-924C-439E0F25C28E} = {CF4945D8-EE2B-4004-8F69-BB39383ED427}
		{E946961C-E114-4EC0-9F67-DC9934E29659} = {CF4945D8-EE2B-4004-8F69-BB39383ED427}
		{E01FBAAB-7AE1-4F3C-B1B4-6F59492AED11} = {CF4945D8-EE2B-4004-8F69-BB39383ED427}
		{D1360CC4-4CCF-4D02-AF4C-8675E7239AFD} = {CF4945D8-EE2B-4004-8F69-BB39383ED427}
		{4842D73D-8956-4BF9-830A-68F530AA6F9F} = {CF4945D8-EE2B-4004-8F69-BB39383ED427}
		{6EB6D792-94C4-4B92-9689-A9AF1832CF65} = {CF4945D8-EE2B-4004-8F69-BB39383ED427}
		{234F69B9-2925-49A1-9B69-FE10F086929E} = {CF4945D8-EE2B-4004-8F69-BB39383ED427}
		{F53BB457-A92F-4660-9A8B-464BCC06143D} = {CF4945D8-EE2B-4004-8F69-BB39383ED427}
		{DB0FB1EF-7253-404C-ADE9-7B2D3E4A20A3} = {CF4945D8-EE2B-4004-8F69-BB39383ED427}
		{1328E9CA-5DE5-4B70-9F3D-26DDEA04C116} = {DA14D701-69DD-417A-A2BD-D4E6B7E933C1}
		{9D194E12-6CA7-47E1-89A4-099927801092} = {DA14D701-69DD-417A-A2BD-D4E6B7E933C1}
		{D57445C4-5139-4D93-85C5-FF11E5DD96F4} = {DA14D701-69DD-417A-A2BD-D4E6B7E933C1}
		{F456D30F-9BEE-4045-A5BF-E5D5BB6E5D20} = {CF4945D8-EE2B-4004-8F69-BB39383ED427}
	EndGlobalSection
	GlobalSection(ExtensibilityGlobals) = postSolution
		SolutionGuid = {25DF101F-DCB6-47F2-8B36-B0BFA251B214}
	EndGlobalSection
EndGlobal
