
Microsoft Visual Studio Solution File, Format Version 12.00
# Visual Studio Version 16
VisualStudioVersion = 16.0.28803.156
MinimumVisualStudioVersion = 10.0.40219.1
Project("{FAE04EC0-301F-11D3-BF4B-00C04F79EFBC}") = "Exercicios4.3.5", "Exercicios4.3.5\Exercicios4.3.5.csproj", "{9671C86D-0C31-4C15-9C7B-1C4E01113259}"
EndProject
Project("{FAE04EC0-301F-11D3-BF4B-00C04F79EFBC}") = "Capitulo5", "Capitulo5\Capitulo5.csproj", "{801D5A47-3814-4CC1-9BA8-E59A302D4655}"
EndProject
Project("{FAE04EC0-301F-11D3-BF4B-00C04F79EFBC}") = "Capitulo5.1", "Capitulo5.1\Capitulo5.1.csproj", "{21A8E76C-6795-4F8D-AB36-A42D2203BB4B}"
EndProject
Project("{FAE04EC0-301F-11D3-BF4B-00C04F79EFBC}") = "Exercicios5.4.1", "Exercicios5.4.1\Exercicios5.4.1.csproj", "{64DA2F6E-159F-4C4F-94A5-06BEFE533BF5}"
EndProject
Project("{FAE04EC0-301F-11D3-BF4B-00C04F79EFBC}") = "Exercicios5.4.2", "Exercicios5.4.2\Exercicios5.4.2.csproj", "{FE3F6E04-66E8-4242-96B5-A5C8D46B224E}"
EndProject
Project("{FAE04EC0-301F-11D3-BF4B-00C04F79EFBC}") = "Exercicios5.4.3", "Exercicios5.4.3\Exercicios5.4.3.csproj", "{39306421-2A70-4ADE-89A3-26E61477E4DE}"
EndProject
Project("{FAE04EC0-301F-11D3-BF4B-00C04F79EFBC}") = "SaqueEConferidorDeSaldo", "SaqueEConferidorDeSaldo\SaqueEConferidorDeSaldo.csproj", "{FDE2A232-EC07-4D22-8118-4A19D117175D}"
EndProject
Project("{FAE04EC0-301F-11D3-BF4B-00C04F79EFBC}") = "Exercicios6.7.2", "Exercicios6.7.2\Exercicios6.7.2.csproj", "{86932FEF-E83C-4FBF-9285-1FE6C942E448}"
EndProject
Project("{FAE04EC0-301F-11D3-BF4B-00C04F79EFBC}") = "Exercicios5.4.7Fibonacci", "Exercicios5.4.7Fibonacci\Exercicios5.4.7Fibonacci.csproj", "{8227E231-BE0B-46E5-A6C2-8642A0DE1700}"
EndProject
Project("{FAE04EC0-301F-11D3-BF4B-00C04F79EFBC}") = "DesafioArthurSomadeParesEImpares", "DesafioArthurSomadeParesEImpares\DesafioArthurSomadeParesEImpares.csproj", "{F80875BE-A97F-4800-9727-CEE98528B53E}"
EndProject
Project("{FAE04EC0-301F-11D3-BF4B-00C04F79EFBC}") = "testesdeRepeticao", "testesdeRepeticao\testesdeRepeticao.csproj", "{385CC4CD-3307-479F-B904-457A5FB89478}"
EndProject
Project("{FAE04EC0-301F-11D3-BF4B-00C04F79EFBC}") = "SistemaBancario", "SistemaBancario\SistemaBancario.csproj", "{71C53A1B-B55F-4C28-9EAB-89991F996EA6}"
EndProject
Project("{2150E333-8FDC-42A3-9474-1A3956D46DE8}") = "Projetos", "Projetos", "{CF4945D8-EE2B-4004-8F69-BB39383ED427}"
EndProject
Global
	GlobalSection(SolutionConfigurationPlatforms) = preSolution
		Debug|Any CPU = Debug|Any CPU
		Release|Any CPU = Release|Any CPU
	EndGlobalSection
	GlobalSection(ProjectConfigurationPlatforms) = postSolution
		{9671C86D-0C31-4C15-9C7B-1C4E01113259}.Debug|Any CPU.ActiveCfg = Debug|Any CPU
		{9671C86D-0C31-4C15-9C7B-1C4E01113259}.Debug|Any CPU.Build.0 = Debug|Any CPU
		{9671C86D-0C31-4C15-9C7B-1C4E01113259}.Release|Any CPU.ActiveCfg = Release|Any CPU
		{9671C86D-0C31-4C15-9C7B-1C4E01113259}.Release|Any CPU.Build.0 = Release|Any CPU
		{801D5A47-3814-4CC1-9BA8-E59A302D4655}.Debug|Any CPU.ActiveCfg = Debug|Any CPU
		{801D5A47-3814-4CC1-9BA8-E59A302D4655}.Debug|Any CPU.Build.0 = Debug|Any CPU
		{801D5A47-3814-4CC1-9BA8-E59A302D4655}.Release|Any CPU.ActiveCfg = Release|Any CPU
		{801D5A47-3814-4CC1-9BA8-E59A302D4655}.Release|Any CPU.Build.0 = Release|Any CPU
		{21A8E76C-6795-4F8D-AB36-A42D2203BB4B}.Debug|Any CPU.ActiveCfg = Debug|Any CPU
		{21A8E76C-6795-4F8D-AB36-A42D2203BB4B}.Debug|Any CPU.Build.0 = Debug|Any CPU
		{21A8E76C-6795-4F8D-AB36-A42D2203BB4B}.Release|Any CPU.ActiveCfg = Release|Any CPU
		{21A8E76C-6795-4F8D-AB36-A42D2203BB4B}.Release|Any CPU.Build.0 = Release|Any CPU
		{64DA2F6E-159F-4C4F-94A5-06BEFE533BF5}.Debug|Any CPU.ActiveCfg = Debug|Any CPU
		{64DA2F6E-159F-4C4F-94A5-06BEFE533BF5}.Debug|Any CPU.Build.0 = Debug|Any CPU
		{64DA2F6E-159F-4C4F-94A5-06BEFE533BF5}.Release|Any CPU.ActiveCfg = Release|Any CPU
		{64DA2F6E-159F-4C4F-94A5-06BEFE533BF5}.Release|Any CPU.Build.0 = Release|Any CPU
		{FE3F6E04-66E8-4242-96B5-A5C8D46B224E}.Debug|Any CPU.ActiveCfg = Debug|Any CPU
		{FE3F6E04-66E8-4242-96B5-A5C8D46B224E}.Debug|Any CPU.Build.0 = Debug|Any CPU
		{FE3F6E04-66E8-4242-96B5-A5C8D46B224E}.Release|Any CPU.ActiveCfg = Release|Any CPU
		{FE3F6E04-66E8-4242-96B5-A5C8D46B224E}.Release|Any CPU.Build.0 = Release|Any CPU
		{39306421-2A70-4ADE-89A3-26E61477E4DE}.Debug|Any CPU.ActiveCfg = Debug|Any CPU
		{39306421-2A70-4ADE-89A3-26E61477E4DE}.Debug|Any CPU.Build.0 = Debug|Any CPU
		{39306421-2A70-4ADE-89A3-26E61477E4DE}.Release|Any CPU.ActiveCfg = Release|Any CPU
		{39306421-2A70-4ADE-89A3-26E61477E4DE}.Release|Any CPU.Build.0 = Release|Any CPU
		{FDE2A232-EC07-4D22-8118-4A19D117175D}.Debug|Any CPU.ActiveCfg = Debug|Any CPU
		{FDE2A232-EC07-4D22-8118-4A19D117175D}.Debug|Any CPU.Build.0 = Debug|Any CPU
		{FDE2A232-EC07-4D22-8118-4A19D117175D}.Release|Any CPU.ActiveCfg = Release|Any CPU
		{FDE2A232-EC07-4D22-8118-4A19D117175D}.Release|Any CPU.Build.0 = Release|Any CPU
		{86932FEF-E83C-4FBF-9285-1FE6C942E448}.Debug|Any CPU.ActiveCfg = Debug|Any CPU
		{86932FEF-E83C-4FBF-9285-1FE6C942E448}.Debug|Any CPU.Build.0 = Debug|Any CPU
		{86932FEF-E83C-4FBF-9285-1FE6C942E448}.Release|Any CPU.ActiveCfg = Release|Any CPU
		{86932FEF-E83C-4FBF-9285-1FE6C942E448}.Release|Any CPU.Build.0 = Release|Any CPU
		{8227E231-BE0B-46E5-A6C2-8642A0DE1700}.Debug|Any CPU.ActiveCfg = Debug|Any CPU
		{8227E231-BE0B-46E5-A6C2-8642A0DE1700}.Debug|Any CPU.Build.0 = Debug|Any CPU
		{8227E231-BE0B-46E5-A6C2-8642A0DE1700}.Release|Any CPU.ActiveCfg = Release|Any CPU
		{8227E231-BE0B-46E5-A6C2-8642A0DE1700}.Release|Any CPU.Build.0 = Release|Any CPU
		{F80875BE-A97F-4800-9727-CEE98528B53E}.Debug|Any CPU.ActiveCfg = Debug|Any CPU
		{F80875BE-A97F-4800-9727-CEE98528B53E}.Debug|Any CPU.Build.0 = Debug|Any CPU
		{F80875BE-A97F-4800-9727-CEE98528B53E}.Release|Any CPU.ActiveCfg = Release|Any CPU
		{F80875BE-A97F-4800-9727-CEE98528B53E}.Release|Any CPU.Build.0 = Release|Any CPU
		{385CC4CD-3307-479F-B904-457A5FB89478}.Debug|Any CPU.ActiveCfg = Debug|Any CPU
		{385CC4CD-3307-479F-B904-457A5FB89478}.Debug|Any CPU.Build.0 = Debug|Any CPU
		{385CC4CD-3307-479F-B904-457A5FB89478}.Release|Any CPU.ActiveCfg = Release|Any CPU
		{385CC4CD-3307-479F-B904-457A5FB89478}.Release|Any CPU.Build.0 = Release|Any CPU
		{71C53A1B-B55F-4C28-9EAB-89991F996EA6}.Debug|Any CPU.ActiveCfg = Debug|Any CPU
		{71C53A1B-B55F-4C28-9EAB-89991F996EA6}.Debug|Any CPU.Build.0 = Debug|Any CPU
		{71C53A1B-B55F-4C28-9EAB-89991F996EA6}.Release|Any CPU.ActiveCfg = Release|Any CPU
		{71C53A1B-B55F-4C28-9EAB-89991F996EA6}.Release|Any CPU.Build.0 = Release|Any CPU
	EndGlobalSection
	GlobalSection(SolutionProperties) = preSolution
		HideSolutionNode = FALSE
	EndGlobalSection
	GlobalSection(NestedProjects) = preSolution
		{9671C86D-0C31-4C15-9C7B-1C4E01113259} = {CF4945D8-EE2B-4004-8F69-BB39383ED427}
		{801D5A47-3814-4CC1-9BA8-E59A302D4655} = {CF4945D8-EE2B-4004-8F69-BB39383ED427}
		{21A8E76C-6795-4F8D-AB36-A42D2203BB4B} = {CF4945D8-EE2B-4004-8F69-BB39383ED427}
		{64DA2F6E-159F-4C4F-94A5-06BEFE533BF5} = {CF4945D8-EE2B-4004-8F69-BB39383ED427}
		{FE3F6E04-66E8-4242-96B5-A5C8D46B224E} = {CF4945D8-EE2B-4004-8F69-BB39383ED427}
		{39306421-2A70-4ADE-89A3-26E61477E4DE} = {CF4945D8-EE2B-4004-8F69-BB39383ED427}
		{FDE2A232-EC07-4D22-8118-4A19D117175D} = {CF4945D8-EE2B-4004-8F69-BB39383ED427}
		{86932FEF-E83C-4FBF-9285-1FE6C942E448} = {CF4945D8-EE2B-4004-8F69-BB39383ED427}
		{8227E231-BE0B-46E5-A6C2-8642A0DE1700} = {CF4945D8-EE2B-4004-8F69-BB39383ED427}
		{F80875BE-A97F-4800-9727-CEE98528B53E} = {CF4945D8-EE2B-4004-8F69-BB39383ED427}
		{385CC4CD-3307-479F-B904-457A5FB89478} = {CF4945D8-EE2B-4004-8F69-BB39383ED427}
	EndGlobalSection
	GlobalSection(ExtensibilityGlobals) = postSolution
		SolutionGuid = {25DF101F-DCB6-47F2-8B36-B0BFA251B214}
	EndGlobalSection
EndGlobal
